
Microsoft Visual Studio Solution File, Format Version 12.00
# Visual Studio Version 17
VisualStudioVersion = 17.2.32630.192
MinimumVisualStudioVersion = 10.0.40219.1
Project("{FAE04EC0-301F-11D3-BF4B-00C04F79EFBC}") = "InfiniteFriends", "InfiniteFriends\InfiniteFriends.csproj", "{BA938F91-C585-4AB7-BA4F-590CD4604915}"
EndProject
Global
	GlobalSection(SolutionConfigurationPlatforms) = preSolution
		BepInEx-Release|Any CPU = BepInEx-Release|Any CPU
		ModWeaver-Debug|Any CPU = ModWeaver-Debug|Any CPU
		BepInEx-Debug|Any CPU = BepInEx-Debug|Any CPU
		ModWeaver-Release|Any CPU = ModWeaver-Release|Any CPU
	EndGlobalSection
	GlobalSection(ProjectConfigurationPlatforms) = postSolution
		{BA938F91-C585-4AB7-BA4F-590CD4604915}.BepInEx-Release|Any CPU.ActiveCfg = BepInEx-Release|Any CPU
		{BA938F91-C585-4AB7-BA4F-590CD4604915}.BepInEx-Release|Any CPU.Build.0 = BepInEx-Release|Any CPU
		{BA938F91-C585-4AB7-BA4F-590CD4604915}.ModWeaver-Debug|Any CPU.ActiveCfg = ModWeaver-Debug|Any CPU
		{BA938F91-C585-4AB7-BA4F-590CD4604915}.ModWeaver-Debug|Any CPU.Build.0 = ModWeaver-Debug|Any CPU
		{BA938F91-C585-4AB7-BA4F-590CD4604915}.BepInEx-Debug|Any CPU.ActiveCfg = BepInEx-Debug|Any CPU
		{BA938F91-C585-4AB7-BA4F-590CD4604915}.BepInEx-Debug|Any CPU.Build.0 = BepInEx-Debug|Any CPU
		{BA938F91-C585-4AB7-BA4F-590CD4604915}.ModWeaver-Release|Any CPU.ActiveCfg = ModWeaver-Release|Any CPU
		{BA938F91-C585-4AB7-BA4F-590CD4604915}.ModWeaver-Release|Any CPU.Build.0 = ModWeaver-Release|Any CPU
	EndGlobalSection
	GlobalSection(SolutionProperties) = preSolution
		HideSolutionNode = FALSE
	EndGlobalSection
	GlobalSection(ExtensibilityGlobals) = postSolution
		SolutionGuid = {486C3578-E034-4870-B70C-7980F4757D92}
	EndGlobalSection
EndGlobal
